
Microsoft Visual Studio Solution File, Format Version 12.00
# Visual Studio Version 17
VisualStudioVersion = 17.3.32922.545
MinimumVisualStudioVersion = 10.0.40219.1
Project("{FAE04EC0-301F-11D3-BF4B-00C04F79EFBC}") = "ConsoleApplicationProject", "ConsoleApplicationProject\ConsoleApplicationProject.csproj", "{676006F0-B068-46B5-8044-AADC98844DE9}"
EndProject
Global
	GlobalSection(SolutionConfigurationPlatforms) = preSolution
		Debug|Any CPU = Debug|Any CPU
		Release|Any CPU = Release|Any CPU
	EndGlobalSection
	GlobalSection(ProjectConfigurationPlatforms) = postSolution
		{676006F0-B068-46B5-8044-AADC98844DE9}.Debug|Any CPU.ActiveCfg = Debug|Any CPU
		{676006F0-B068-46B5-8044-AADC98844DE9}.Debug|Any CPU.Build.0 = Debug|Any CPU
		{676006F0-B068-46B5-8044-AADC98844DE9}.Release|Any CPU.ActiveCfg = Release|Any CPU
		{676006F0-B068-46B5-8044-AADC98844DE9}.Release|Any CPU.Build.0 = Release|Any CPU
	EndGlobalSection
	GlobalSection(SolutionProperties) = preSolution
		HideSolutionNode = FALSE
	EndGlobalSection
	GlobalSection(ExtensibilityGlobals) = postSolution
		SolutionGuid = {12FD9B10-C3B1-4713-A052-E3D64BD04C78}
	EndGlobalSection
EndGlobal
